
Microsoft Visual Studio Solution File, Format Version 12.00
# Visual Studio 15
VisualStudioVersion = 15.0.27428.1
MinimumVisualStudioVersion = 10.0.40219.1
Project("{FAE04EC0-301F-11D3-BF4B-00C04F79EFBC}") = "MedManager", "MedManager\MedManager.csproj", "{48FECAE3-088E-40B7-AD8C-C1BFA7404045}"
EndProject
Global
	GlobalSection(SolutionConfigurationPlatforms) = preSolution
		Debug|Any CPU = Debug|Any CPU
		Release|Any CPU = Release|Any CPU
	EndGlobalSection
	GlobalSection(ProjectConfigurationPlatforms) = postSolution
		{48FECAE3-088E-40B7-AD8C-C1BFA7404045}.Debug|Any CPU.ActiveCfg = Debug|Any CPU
		{48FECAE3-088E-40B7-AD8C-C1BFA7404045}.Debug|Any CPU.Build.0 = Debug|Any CPU
		{48FECAE3-088E-40B7-AD8C-C1BFA7404045}.Release|Any CPU.ActiveCfg = Release|Any CPU
		{48FECAE3-088E-40B7-AD8C-C1BFA7404045}.Release|Any CPU.Build.0 = Release|Any CPU
	EndGlobalSection
	GlobalSection(SolutionProperties) = preSolution
		HideSolutionNode = FALSE
	EndGlobalSection
	GlobalSection(ExtensibilityGlobals) = postSolution
		SolutionGuid = {C3C4B532-003B-4A5D-99CE-3BEDC6B5122E}
	EndGlobalSection
EndGlobal
